
Microsoft Visual Studio Solution File, Format Version 12.00
# Visual Studio Version 16
VisualStudioVersion = 16.0.29519.87
MinimumVisualStudioVersion = 10.0.40219.1
Project("{9A19103F-16F7-4668-BE54-9A1E7A4F7556}") = "JavaDeobfuscator", "JavaDeobfuscator\JavaDeobfuscator.csproj", "{FD04330E-09F1-4E4B-B885-2885A2C58362}"
EndProject
Project("{FAE04EC0-301F-11D3-BF4B-00C04F79EFBC}") = "JavaAsm", "JavaAsm\JavaAsm.csproj", "{9051B642-F7EA-4308-937B-2F20FCF3CC81}"
EndProject
Global
	GlobalSection(SolutionConfigurationPlatforms) = preSolution
		Debug|Any CPU = Debug|Any CPU
		Release|Any CPU = Release|Any CPU
	EndGlobalSection
	GlobalSection(ProjectConfigurationPlatforms) = postSolution
		{FD04330E-09F1-4E4B-B885-2885A2C58362}.Debug|Any CPU.ActiveCfg = Debug|Any CPU
		{FD04330E-09F1-4E4B-B885-2885A2C58362}.Debug|Any CPU.Build.0 = Debug|Any CPU
		{FD04330E-09F1-4E4B-B885-2885A2C58362}.Release|Any CPU.ActiveCfg = Release|Any CPU
		{FD04330E-09F1-4E4B-B885-2885A2C58362}.Release|Any CPU.Build.0 = Release|Any CPU
		{9051B642-F7EA-4308-937B-2F20FCF3CC81}.Debug|Any CPU.ActiveCfg = Debug|Any CPU
		{9051B642-F7EA-4308-937B-2F20FCF3CC81}.Debug|Any CPU.Build.0 = Debug|Any CPU
		{9051B642-F7EA-4308-937B-2F20FCF3CC81}.Release|Any CPU.ActiveCfg = Release|Any CPU
		{9051B642-F7EA-4308-937B-2F20FCF3CC81}.Release|Any CPU.Build.0 = Release|Any CPU
	EndGlobalSection
	GlobalSection(SolutionProperties) = preSolution
		HideSolutionNode = FALSE
	EndGlobalSection
	GlobalSection(ExtensibilityGlobals) = postSolution
		SolutionGuid = {6443F884-BDAB-4930-957A-12000AC4491F}
	EndGlobalSection
EndGlobal
